
Microsoft Visual Studio Solution File, Format Version 12.00
# Visual Studio Version 16
VisualStudioVersion = 16.0.31424.327
MinimumVisualStudioVersion = 10.0.40219.1
Project("{FAE04EC0-301F-11D3-BF4B-00C04F79EFBC}") = "GerenciadorDespesas", "GerenciadoDespesas\GerenciadorDespesas.csproj", "{EEF136CF-749A-4BB8-88A4-2C976D9C77AA}"
EndProject
Global
	GlobalSection(SolutionConfigurationPlatforms) = preSolution
		Debug|Any CPU = Debug|Any CPU
		Release|Any CPU = Release|Any CPU
	EndGlobalSection
	GlobalSection(ProjectConfigurationPlatforms) = postSolution
		{EEF136CF-749A-4BB8-88A4-2C976D9C77AA}.Debug|Any CPU.ActiveCfg = Debug|Any CPU
		{EEF136CF-749A-4BB8-88A4-2C976D9C77AA}.Debug|Any CPU.Build.0 = Debug|Any CPU
		{EEF136CF-749A-4BB8-88A4-2C976D9C77AA}.Release|Any CPU.ActiveCfg = Release|Any CPU
		{EEF136CF-749A-4BB8-88A4-2C976D9C77AA}.Release|Any CPU.Build.0 = Release|Any CPU
	EndGlobalSection
	GlobalSection(SolutionProperties) = preSolution
		HideSolutionNode = FALSE
	EndGlobalSection
	GlobalSection(ExtensibilityGlobals) = postSolution
		SolutionGuid = {10C84CC2-A9FB-44AB-9F9A-F24357362ABA}
	EndGlobalSection
EndGlobal
